
Microsoft Visual Studio Solution File, Format Version 12.00
# Visual Studio Version 17
VisualStudioVersion = 17.5.002.0
MinimumVisualStudioVersion = 10.0.40219.1
Project("{9A19103F-16F7-4668-BE54-9A1E7A4F7556}") = "CloudQA-selenium", "CloudQA-selenium.csproj", "{1C599E48-9D0C-4F44-8B9F-CBEC0B94E705}"
EndProject
Global
	GlobalSection(SolutionConfigurationPlatforms) = preSolution
		Debug|Any CPU = Debug|Any CPU
		Release|Any CPU = Release|Any CPU
	EndGlobalSection
	GlobalSection(ProjectConfigurationPlatforms) = postSolution
		{1C599E48-9D0C-4F44-8B9F-CBEC0B94E705}.Debug|Any CPU.ActiveCfg = Debug|Any CPU
		{1C599E48-9D0C-4F44-8B9F-CBEC0B94E705}.Debug|Any CPU.Build.0 = Debug|Any CPU
		{1C599E48-9D0C-4F44-8B9F-CBEC0B94E705}.Release|Any CPU.ActiveCfg = Release|Any CPU
		{1C599E48-9D0C-4F44-8B9F-CBEC0B94E705}.Release|Any CPU.Build.0 = Release|Any CPU
	EndGlobalSection
	GlobalSection(SolutionProperties) = preSolution
		HideSolutionNode = FALSE
	EndGlobalSection
	GlobalSection(ExtensibilityGlobals) = postSolution
		SolutionGuid = {A666A939-E2B4-4F67-9C10-626C8CB881B4}
	EndGlobalSection
EndGlobal
